
Microsoft Visual Studio Solution File, Format Version 12.00
# Visual Studio Version 16
VisualStudioVersion = 16.0.29509.3
MinimumVisualStudioVersion = 10.0.40219.1
Project("{00D1A9C2-B5F0-4AF3-8072-F6C62B433612}") = "Skill-Exchange-Database", "Skill-Exchange-Database\Skill-Exchange-Database.sqlproj", "{8AB6FACE-17E9-49ED-B530-6199AAF31B2F}"
EndProject
Global
	GlobalSection(SolutionConfigurationPlatforms) = preSolution
		Debug|Any CPU = Debug|Any CPU
		Release|Any CPU = Release|Any CPU
	EndGlobalSection
	GlobalSection(ProjectConfigurationPlatforms) = postSolution
		{8AB6FACE-17E9-49ED-B530-6199AAF31B2F}.Debug|Any CPU.ActiveCfg = Debug|Any CPU
		{8AB6FACE-17E9-49ED-B530-6199AAF31B2F}.Debug|Any CPU.Build.0 = Debug|Any CPU
		{8AB6FACE-17E9-49ED-B530-6199AAF31B2F}.Debug|Any CPU.Deploy.0 = Debug|Any CPU
		{8AB6FACE-17E9-49ED-B530-6199AAF31B2F}.Release|Any CPU.ActiveCfg = Release|Any CPU
		{8AB6FACE-17E9-49ED-B530-6199AAF31B2F}.Release|Any CPU.Build.0 = Release|Any CPU
		{8AB6FACE-17E9-49ED-B530-6199AAF31B2F}.Release|Any CPU.Deploy.0 = Release|Any CPU
	EndGlobalSection
	GlobalSection(SolutionProperties) = preSolution
		HideSolutionNode = FALSE
	EndGlobalSection
	GlobalSection(ExtensibilityGlobals) = postSolution
		SolutionGuid = {CC2A7DFF-53B4-4F02-B540-F1783203E16B}
	EndGlobalSection
EndGlobal
